# @generated by Move, please check-in and do not edit manually.

[move]
version = 3
manifest_digest = "38B32CCA7FF120C82B04213FF318E229C6D5D0601C41F2E3420F16DED094EC7D"
deps_digest = "3C4103934B1E040BB6B23F1D610B4EF9F2F1166A50A104EADCF77467C004C600"
dependencies = [
  { id = "Sui", name = "Sui" },
  { id = "suins", name = "suins" },
]

[[move.package]]
id = "MoveStdlib"
source = { git = "https://github.com/MystenLabs/sui.git", rev = "framework/mainnet", subdir = "crates/sui-framework/packages/move-stdlib" }

[[move.package]]
id = "Sui"
source = { git = "https://github.com/MystenLabs/sui.git", rev = "framework/mainnet", subdir = "crates/sui-framework/packages/sui-framework" }

dependencies = [
  { id = "MoveStdlib", name = "MoveStdlib" },
]

[[move.package]]
id = "suins"
source = { git = "https://github.com/MystenLabs/suins-contracts.git", rev = "4ec58e8155c0f8c1e6cd63df88d18cdf7b09bc62", subdir = "packages/suins" }

dependencies = [
  { id = "Sui", name = "Sui" },
]

[move.toolchain-version]
compiler-version = "1.54.2"
edition = "2024.beta"
flavor = "sui"

[env]

[env.testnet]
chain-id = "4c78adac"
original-published-id = "0xf4631452f3d48ceee96b25adb2d74d3c2a5dbef45708ad5243897feb449d2fd7"
latest-published-id = "0xf4631452f3d48ceee96b25adb2d74d3c2a5dbef45708ad5243897feb449d2fd7"
published-version = "1"

[env.mainnet]
chain-id = "35834a8a"
original-published-id = "0x38f1bdacabba5a1262737f6f1cec3774e98d9dfdee7ed19256ff2f78a0c41300"
latest-published-id = "0x38f1bdacabba5a1262737f6f1cec3774e98d9dfdee7ed19256ff2f78a0c41300"
published-version = "1"
