# @generated by Move, please check-in and do not edit manually.

[move]
version = 3
manifest_digest = "55581D1D9C4AEEFC9D021E50ADAAE01635F5A9AB9EBA0552544AD6F64F2DFDC1"
deps_digest = "3C4103934B1E040BB6B23F1D610B4EF9F2F1166A50A104EADCF77467C004C600"
dependencies = [
  { id = "Sui", name = "Sui" },
  { id = "suins", name = "suins" },
]

[[move.package]]
id = "MoveStdlib"
source = { git = "https://github.com/MystenLabs/sui.git", rev = "framework/mainnet", subdir = "crates/sui-framework/packages/move-stdlib" }

[[move.package]]
id = "Sui"
source = { git = "https://github.com/MystenLabs/sui.git", rev = "framework/mainnet", subdir = "crates/sui-framework/packages/sui-framework" }

dependencies = [
  { id = "MoveStdlib", name = "MoveStdlib" },
]

[[move.package]]
id = "suins"
source = { git = "https://github.com/mystenlabs/suins-contracts/", rev = "releases/core/4", subdir = "packages/suins" }

dependencies = [
  { id = "Sui", name = "Sui" },
]

[move.toolchain-version]
compiler-version = "1.54.1"
edition = "2024.beta"
flavor = "sui"

[env]

[env.testnet]
chain-id = "4c78adac"
original-published-id = "0xfc0013e0ae7d778cf5702e0e9772a1d4f8a8b99b39395d801b0351b06a4f9918"
latest-published-id = "0xfc0013e0ae7d778cf5702e0e9772a1d4f8a8b99b39395d801b0351b06a4f9918"
published-version = "1"
