# @generated by Move, please check-in and do not edit manually.

[move]
version = 3
manifest_digest = "702F672E76C05B6ECCC380822B687405F58FF502A5DD467A8532EAF08DA31209"
deps_digest = "3C4103934B1E040BB6B23F1D610B4EF9F2F1166A50A104EADCF77467C004C600"
dependencies = [
  { id = "Sui", name = "Sui" },
  { id = "suins", name = "suins" },
]

[[move.package]]
id = "MoveStdlib"
source = { git = "https://github.com/MystenLabs/sui.git", rev = "framework/mainnet", subdir = "crates/sui-framework/packages/move-stdlib" }

[[move.package]]
id = "Sui"
source = { git = "https://github.com/MystenLabs/sui.git", rev = "framework/mainnet", subdir = "crates/sui-framework/packages/sui-framework" }

dependencies = [
  { id = "MoveStdlib", name = "MoveStdlib" },
]

[[move.package]]
id = "suins"
source = { git = "https://github.com/MystenLabs/suins-contracts", rev = "releases/core/4", subdir = "packages/suins" }

dependencies = [
  { id = "Sui", name = "Sui" },
]

[move.toolchain-version]
compiler-version = "1.54.1"
edition = "2024.beta"
flavor = "sui"

[env]

[env.testnet]
chain-id = "4c78adac"
original-published-id = "0xe44413a2494831a512de1d68d4c5d2293d369b00a428fc85594d00978c08b173"
latest-published-id = "0xe44413a2494831a512de1d68d4c5d2293d369b00a428fc85594d00978c08b173"
published-version = "1"
